// !$*UTF8*$!
{
	archiveVersion = 1;
	classes = {
	};
	objectVersion = 50;
	objects = {

/* Begin PBXBuildFile section */
		1C71F9140215556945BB2F22 /* Pods_RecipeAppTests.framework in Frameworks */ = {isa = PBXBuildFile; fileRef = 71E4F3DE52ABCF4BF1BE0397 /* Pods_RecipeAppTests.framework */; };
		36730CF22296961E00C70C2B /* AppDelegate.swift in Sources */ = {isa = PBXBuildFile; fileRef = 36730CF12296961E00C70C2B /* AppDelegate.swift */; };
		36730CF42296961E00C70C2B /* LoginViewController.swift in Sources */ = {isa = PBXBuildFile; fileRef = 36730CF32296961E00C70C2B /* LoginViewController.swift */; };
		36730CF72296961F00C70C2B /* Main.storyboard in Resources */ = {isa = PBXBuildFile; fileRef = 36730CF52296961F00C70C2B /* Main.storyboard */; };
		36730CF92296962100C70C2B /* Assets.xcassets in Resources */ = {isa = PBXBuildFile; fileRef = 36730CF82296962100C70C2B /* Assets.xcassets */; };
		36730CFC2296962100C70C2B /* LaunchScreen.storyboard in Resources */ = {isa = PBXBuildFile; fileRef = 36730CFA2296962100C70C2B /* LaunchScreen.storyboard */; };
		36730D072296962100C70C2B /* RecipeAppTests.swift in Sources */ = {isa = PBXBuildFile; fileRef = 36730D062296962100C70C2B /* RecipeAppTests.swift */; };
		36730D122296962100C70C2B /* RecipeAppUITests.swift in Sources */ = {isa = PBXBuildFile; fileRef = 36730D112296962100C70C2B /* RecipeAppUITests.swift */; };
		36730F7C2296A6D600C70C2B /* LoginViewModel.swift in Sources */ = {isa = PBXBuildFile; fileRef = 36730F7B2296A6D600C70C2B /* LoginViewModel.swift */; };
		36730F7E2296A6FA00C70C2B /* LoginService.swift in Sources */ = {isa = PBXBuildFile; fileRef = 36730F7D2296A6FA00C70C2B /* LoginService.swift */; };
		36730F802296AB5C00C70C2B /* User.swift in Sources */ = {isa = PBXBuildFile; fileRef = 36730F7F2296AB5C00C70C2B /* User.swift */; };
		36730F822296AB9100C70C2B /* HttpClient.swift in Sources */ = {isa = PBXBuildFile; fileRef = 36730F812296AB9100C70C2B /* HttpClient.swift */; };
		367A48102297DFE8002ECE30 /* RecipeFeedTableViewController.swift in Sources */ = {isa = PBXBuildFile; fileRef = 367A480F2297DFE8002ECE30 /* RecipeFeedTableViewController.swift */; };
		367A48132297E0E6002ECE30 /* RecipeFeedImageTableViewCell.swift in Sources */ = {isa = PBXBuildFile; fileRef = 367A48122297E0E6002ECE30 /* RecipeFeedImageTableViewCell.swift */; };
		367A48152297E0FA002ECE30 /* RecipeFeedTextTableViewCell.swift in Sources */ = {isa = PBXBuildFile; fileRef = 367A48142297E0FA002ECE30 /* RecipeFeedTextTableViewCell.swift */; };
		367A48182297F3F2002ECE30 /* RecipeService.swift in Sources */ = {isa = PBXBuildFile; fileRef = 367A48172297F3F2002ECE30 /* RecipeService.swift */; };
		367A481A2297F483002ECE30 /* Recipe.swift in Sources */ = {isa = PBXBuildFile; fileRef = 367A48192297F483002ECE30 /* Recipe.swift */; };
		367A481C2297FC84002ECE30 /* StepsService.swift in Sources */ = {isa = PBXBuildFile; fileRef = 367A481B2297FC84002ECE30 /* StepsService.swift */; };
		367A481E2297FCCD002ECE30 /* IngredientsService.swift in Sources */ = {isa = PBXBuildFile; fileRef = 367A481D2297FCCD002ECE30 /* IngredientsService.swift */; };
		367A48202297FEFF002ECE30 /* RecipeFeedViewModel.swift in Sources */ = {isa = PBXBuildFile; fileRef = 367A481F2297FEFF002ECE30 /* RecipeFeedViewModel.swift */; };
		367A48222298044C002ECE30 /* UserAuthenticationRepository.swift in Sources */ = {isa = PBXBuildFile; fileRef = 367A48212298044C002ECE30 /* UserAuthenticationRepository.swift */; };
		367A482422984A66002ECE30 /* TableViewController.swift in Sources */ = {isa = PBXBuildFile; fileRef = 367A482322984A66002ECE30 /* TableViewController.swift */; };
		8A46C1D80E8944D21594D3D5 /* Pods_RecipeAppUITests.framework in Frameworks */ = {isa = PBXBuildFile; fileRef = 0D8EC758DC0FD60DF40A36DD /* Pods_RecipeAppUITests.framework */; };
		B7E3547496F16167EEF9E7E9 /* Pods_RecipeApp.framework in Frameworks */ = {isa = PBXBuildFile; fileRef = 95E196C82B6F96D92FD8B5EB /* Pods_RecipeApp.framework */; };
/* End PBXBuildFile section */

/* Begin PBXContainerItemProxy section */
		36730D032296962100C70C2B /* PBXContainerItemProxy */ = {
			isa = PBXContainerItemProxy;
			containerPortal = 36730CE62296961E00C70C2B /* Project object */;
			proxyType = 1;
			remoteGlobalIDString = 36730CED2296961E00C70C2B;
			remoteInfo = RecipeApp;
		};
		36730D0E2296962100C70C2B /* PBXContainerItemProxy */ = {
			isa = PBXContainerItemProxy;
			containerPortal = 36730CE62296961E00C70C2B /* Project object */;
			proxyType = 1;
			remoteGlobalIDString = 36730CED2296961E00C70C2B;
			remoteInfo = RecipeApp;
		};
/* End PBXContainerItemProxy section */

/* Begin PBXFileReference section */
		0D8EC758DC0FD60DF40A36DD /* Pods_RecipeAppUITests.framework */ = {isa = PBXFileReference; explicitFileType = wrapper.framework; includeInIndex = 0; path = Pods_RecipeAppUITests.framework; sourceTree = BUILT_PRODUCTS_DIR; };
		16D2A4A35B28217BC8628E9E /* Pods-RecipeAppUITests.debug.xcconfig */ = {isa = PBXFileReference; includeInIndex = 1; lastKnownFileType = text.xcconfig; name = "Pods-RecipeAppUITests.debug.xcconfig"; path = "Pods/Target Support Files/Pods-RecipeAppUITests/Pods-RecipeAppUITests.debug.xcconfig"; sourceTree = "<group>"; };
		2D1DB4F364ADAFEEF29DD3A3 /* Pods-RecipeAppTests.release.xcconfig */ = {isa = PBXFileReference; includeInIndex = 1; lastKnownFileType = text.xcconfig; name = "Pods-RecipeAppTests.release.xcconfig"; path = "Pods/Target Support Files/Pods-RecipeAppTests/Pods-RecipeAppTests.release.xcconfig"; sourceTree = "<group>"; };
		36730CEE2296961E00C70C2B /* RecipeApp.app */ = {isa = PBXFileReference; explicitFileType = wrapper.application; includeInIndex = 0; path = RecipeApp.app; sourceTree = BUILT_PRODUCTS_DIR; };
		36730CF12296961E00C70C2B /* AppDelegate.swift */ = {isa = PBXFileReference; lastKnownFileType = sourcecode.swift; path = AppDelegate.swift; sourceTree = "<group>"; };
		36730CF32296961E00C70C2B /* LoginViewController.swift */ = {isa = PBXFileReference; lastKnownFileType = sourcecode.swift; path = LoginViewController.swift; sourceTree = "<group>"; };
		36730CF62296961F00C70C2B /* Base */ = {isa = PBXFileReference; lastKnownFileType = file.storyboard; name = Base; path = Base.lproj/Main.storyboard; sourceTree = "<group>"; };
		36730CF82296962100C70C2B /* Assets.xcassets */ = {isa = PBXFileReference; lastKnownFileType = folder.assetcatalog; path = Assets.xcassets; sourceTree = "<group>"; };
		36730CFB2296962100C70C2B /* Base */ = {isa = PBXFileReference; lastKnownFileType = file.storyboard; name = Base; path = Base.lproj/LaunchScreen.storyboard; sourceTree = "<group>"; };
		36730CFD2296962100C70C2B /* Info.plist */ = {isa = PBXFileReference; lastKnownFileType = text.plist.xml; path = Info.plist; sourceTree = "<group>"; };
		36730D022296962100C70C2B /* RecipeAppTests.xctest */ = {isa = PBXFileReference; explicitFileType = wrapper.cfbundle; includeInIndex = 0; path = RecipeAppTests.xctest; sourceTree = BUILT_PRODUCTS_DIR; };
		36730D062296962100C70C2B /* RecipeAppTests.swift */ = {isa = PBXFileReference; lastKnownFileType = sourcecode.swift; path = RecipeAppTests.swift; sourceTree = "<group>"; };
		36730D082296962100C70C2B /* Info.plist */ = {isa = PBXFileReference; lastKnownFileType = text.plist.xml; path = Info.plist; sourceTree = "<group>"; };
		36730D0D2296962100C70C2B /* RecipeAppUITests.xctest */ = {isa = PBXFileReference; explicitFileType = wrapper.cfbundle; includeInIndex = 0; path = RecipeAppUITests.xctest; sourceTree = BUILT_PRODUCTS_DIR; };
		36730D112296962100C70C2B /* RecipeAppUITests.swift */ = {isa = PBXFileReference; lastKnownFileType = sourcecode.swift; path = RecipeAppUITests.swift; sourceTree = "<group>"; };
		36730D132296962100C70C2B /* Info.plist */ = {isa = PBXFileReference; lastKnownFileType = text.plist.xml; path = Info.plist; sourceTree = "<group>"; };
		36730F7B2296A6D600C70C2B /* LoginViewModel.swift */ = {isa = PBXFileReference; lastKnownFileType = sourcecode.swift; path = LoginViewModel.swift; sourceTree = "<group>"; };
		36730F7D2296A6FA00C70C2B /* LoginService.swift */ = {isa = PBXFileReference; lastKnownFileType = sourcecode.swift; path = LoginService.swift; sourceTree = "<group>"; };
		36730F7F2296AB5C00C70C2B /* User.swift */ = {isa = PBXFileReference; lastKnownFileType = sourcecode.swift; path = User.swift; sourceTree = "<group>"; };
		36730F812296AB9100C70C2B /* HttpClient.swift */ = {isa = PBXFileReference; lastKnownFileType = sourcecode.swift; path = HttpClient.swift; sourceTree = "<group>"; };
		367A480F2297DFE8002ECE30 /* RecipeFeedTableViewController.swift */ = {isa = PBXFileReference; lastKnownFileType = sourcecode.swift; path = RecipeFeedTableViewController.swift; sourceTree = "<group>"; };
		367A48122297E0E6002ECE30 /* RecipeFeedImageTableViewCell.swift */ = {isa = PBXFileReference; lastKnownFileType = sourcecode.swift; path = RecipeFeedImageTableViewCell.swift; sourceTree = "<group>"; };
		367A48142297E0FA002ECE30 /* RecipeFeedTextTableViewCell.swift */ = {isa = PBXFileReference; lastKnownFileType = sourcecode.swift; path = RecipeFeedTextTableViewCell.swift; sourceTree = "<group>"; };
		367A48172297F3F2002ECE30 /* RecipeService.swift */ = {isa = PBXFileReference; lastKnownFileType = sourcecode.swift; path = RecipeService.swift; sourceTree = "<group>"; };
		367A48192297F483002ECE30 /* Recipe.swift */ = {isa = PBXFileReference; lastKnownFileType = sourcecode.swift; path = Recipe.swift; sourceTree = "<group>"; };
		367A481B2297FC84002ECE30 /* StepsService.swift */ = {isa = PBXFileReference; lastKnownFileType = sourcecode.swift; path = StepsService.swift; sourceTree = "<group>"; };
		367A481D2297FCCD002ECE30 /* IngredientsService.swift */ = {isa = PBXFileReference; lastKnownFileType = sourcecode.swift; path = IngredientsService.swift; sourceTree = "<group>"; };
		367A481F2297FEFF002ECE30 /* RecipeFeedViewModel.swift */ = {isa = PBXFileReference; lastKnownFileType = sourcecode.swift; path = RecipeFeedViewModel.swift; sourceTree = "<group>"; };
		367A48212298044C002ECE30 /* UserAuthenticationRepository.swift */ = {isa = PBXFileReference; lastKnownFileType = sourcecode.swift; path = UserAuthenticationRepository.swift; sourceTree = "<group>"; };
		367A482322984A66002ECE30 /* TableViewController.swift */ = {isa = PBXFileReference; lastKnownFileType = sourcecode.swift; path = TableViewController.swift; sourceTree = "<group>"; };
		394DE8E89974C3EB35D3B6AE /* Pods-RecipeAppTests.debug.xcconfig */ = {isa = PBXFileReference; includeInIndex = 1; lastKnownFileType = text.xcconfig; name = "Pods-RecipeAppTests.debug.xcconfig"; path = "Pods/Target Support Files/Pods-RecipeAppTests/Pods-RecipeAppTests.debug.xcconfig"; sourceTree = "<group>"; };
		5B1315798105B96ECF108286 /* Pods-RecipeAppUITests.release.xcconfig */ = {isa = PBXFileReference; includeInIndex = 1; lastKnownFileType = text.xcconfig; name = "Pods-RecipeAppUITests.release.xcconfig"; path = "Pods/Target Support Files/Pods-RecipeAppUITests/Pods-RecipeAppUITests.release.xcconfig"; sourceTree = "<group>"; };
		71E4F3DE52ABCF4BF1BE0397 /* Pods_RecipeAppTests.framework */ = {isa = PBXFileReference; explicitFileType = wrapper.framework; includeInIndex = 0; path = Pods_RecipeAppTests.framework; sourceTree = BUILT_PRODUCTS_DIR; };
		95E196C82B6F96D92FD8B5EB /* Pods_RecipeApp.framework */ = {isa = PBXFileReference; explicitFileType = wrapper.framework; includeInIndex = 0; path = Pods_RecipeApp.framework; sourceTree = BUILT_PRODUCTS_DIR; };
		A0681D9D2FC7A5540D4FF745 /* Pods-RecipeApp.debug.xcconfig */ = {isa = PBXFileReference; includeInIndex = 1; lastKnownFileType = text.xcconfig; name = "Pods-RecipeApp.debug.xcconfig"; path = "Pods/Target Support Files/Pods-RecipeApp/Pods-RecipeApp.debug.xcconfig"; sourceTree = "<group>"; };
		EDFDD6291D3D560DFFE794DB /* Pods-RecipeApp.release.xcconfig */ = {isa = PBXFileReference; includeInIndex = 1; lastKnownFileType = text.xcconfig; name = "Pods-RecipeApp.release.xcconfig"; path = "Pods/Target Support Files/Pods-RecipeApp/Pods-RecipeApp.release.xcconfig"; sourceTree = "<group>"; };
/* End PBXFileReference section */

/* Begin PBXFrameworksBuildPhase section */
		36730CEB2296961E00C70C2B /* Frameworks */ = {
			isa = PBXFrameworksBuildPhase;
			buildActionMask = 2147483647;
			files = (
				B7E3547496F16167EEF9E7E9 /* Pods_RecipeApp.framework in Frameworks */,
			);
			runOnlyForDeploymentPostprocessing = 0;
		};
		36730CFF2296962100C70C2B /* Frameworks */ = {
			isa = PBXFrameworksBuildPhase;
			buildActionMask = 2147483647;
			files = (
				1C71F9140215556945BB2F22 /* Pods_RecipeAppTests.framework in Frameworks */,
			);
			runOnlyForDeploymentPostprocessing = 0;
		};
		36730D0A2296962100C70C2B /* Frameworks */ = {
			isa = PBXFrameworksBuildPhase;
			buildActionMask = 2147483647;
			files = (
				8A46C1D80E8944D21594D3D5 /* Pods_RecipeAppUITests.framework in Frameworks */,
			);
			runOnlyForDeploymentPostprocessing = 0;
		};
/* End PBXFrameworksBuildPhase section */

/* Begin PBXGroup section */
		1666306FA16A024CAF413E62 /* Pods */ = {
			isa = PBXGroup;
			children = (
				A0681D9D2FC7A5540D4FF745 /* Pods-RecipeApp.debug.xcconfig */,
				EDFDD6291D3D560DFFE794DB /* Pods-RecipeApp.release.xcconfig */,
				394DE8E89974C3EB35D3B6AE /* Pods-RecipeAppTests.debug.xcconfig */,
				2D1DB4F364ADAFEEF29DD3A3 /* Pods-RecipeAppTests.release.xcconfig */,
				16D2A4A35B28217BC8628E9E /* Pods-RecipeAppUITests.debug.xcconfig */,
				5B1315798105B96ECF108286 /* Pods-RecipeAppUITests.release.xcconfig */,
			);
			name = Pods;
			sourceTree = "<group>";
		};
		36730CE52296961E00C70C2B = {
			isa = PBXGroup;
			children = (
				36730CF02296961E00C70C2B /* RecipeApp */,
				36730D052296962100C70C2B /* RecipeAppTests */,
				36730D102296962100C70C2B /* RecipeAppUITests */,
				36730CEF2296961E00C70C2B /* Products */,
				1666306FA16A024CAF413E62 /* Pods */,
				80A0C7D4FAAFA587BCEC0957 /* Frameworks */,
			);
			sourceTree = "<group>";
		};
		36730CEF2296961E00C70C2B /* Products */ = {
			isa = PBXGroup;
			children = (
				36730CEE2296961E00C70C2B /* RecipeApp.app */,
				36730D022296962100C70C2B /* RecipeAppTests.xctest */,
				36730D0D2296962100C70C2B /* RecipeAppUITests.xctest */,
			);
			name = Products;
			sourceTree = "<group>";
		};
		36730CF02296961E00C70C2B /* RecipeApp */ = {
			isa = PBXGroup;
			children = (
				36730CF12296961E00C70C2B /* AppDelegate.swift */,
				367A48112297DFF2002ECE30 /* ViewControllers */,
				36730CF52296961F00C70C2B /* Main.storyboard */,
				36730CF82296962100C70C2B /* Assets.xcassets */,
				36730CFA2296962100C70C2B /* LaunchScreen.storyboard */,
				36730CFD2296962100C70C2B /* Info.plist */,
				36730F7B2296A6D600C70C2B /* LoginViewModel.swift */,
				36730F7D2296A6FA00C70C2B /* LoginService.swift */,
				36730F7F2296AB5C00C70C2B /* User.swift */,
				36730F812296AB9100C70C2B /* HttpClient.swift */,
				367A48162297F3DA002ECE30 /* TableViewCells */,
				367A48172297F3F2002ECE30 /* RecipeService.swift */,
				367A48192297F483002ECE30 /* Recipe.swift */,
				367A481B2297FC84002ECE30 /* StepsService.swift */,
				367A481D2297FCCD002ECE30 /* IngredientsService.swift */,
				367A481F2297FEFF002ECE30 /* RecipeFeedViewModel.swift */,
				367A48212298044C002ECE30 /* UserAuthenticationRepository.swift */,
			);
			path = RecipeApp;
			sourceTree = "<group>";
		};
		36730D052296962100C70C2B /* RecipeAppTests */ = {
			isa = PBXGroup;
			children = (
				36730D062296962100C70C2B /* RecipeAppTests.swift */,
				36730D082296962100C70C2B /* Info.plist */,
			);
			path = RecipeAppTests;
			sourceTree = "<group>";
		};
		36730D102296962100C70C2B /* RecipeAppUITests */ = {
			isa = PBXGroup;
			children = (
				36730D112296962100C70C2B /* RecipeAppUITests.swift */,
				36730D132296962100C70C2B /* Info.plist */,
			);
			path = RecipeAppUITests;
			sourceTree = "<group>";
		};
		367A48112297DFF2002ECE30 /* ViewControllers */ = {
			isa = PBXGroup;
			children = (
				36730CF32296961E00C70C2B /* LoginViewController.swift */,
				367A480F2297DFE8002ECE30 /* RecipeFeedTableViewController.swift */,
				367A482322984A66002ECE30 /* TableViewController.swift */,
			);
			path = ViewControllers;
			sourceTree = "<group>";
		};
		367A48162297F3DA002ECE30 /* TableViewCells */ = {
			isa = PBXGroup;
			children = (
				367A48122297E0E6002ECE30 /* RecipeFeedImageTableViewCell.swift */,
				367A48142297E0FA002ECE30 /* RecipeFeedTextTableViewCell.swift */,
			);
			path = TableViewCells;
			sourceTree = "<group>";
		};
		80A0C7D4FAAFA587BCEC0957 /* Frameworks */ = {
			isa = PBXGroup;
			children = (
				95E196C82B6F96D92FD8B5EB /* Pods_RecipeApp.framework */,
				71E4F3DE52ABCF4BF1BE0397 /* Pods_RecipeAppTests.framework */,
				0D8EC758DC0FD60DF40A36DD /* Pods_RecipeAppUITests.framework */,
			);
			name = Frameworks;
			sourceTree = "<group>";
		};
/* End PBXGroup section */

/* Begin PBXNativeTarget section */
		36730CED2296961E00C70C2B /* RecipeApp */ = {
			isa = PBXNativeTarget;
			buildConfigurationList = 36730D162296962100C70C2B /* Build configuration list for PBXNativeTarget "RecipeApp" */;
			buildPhases = (
				E1CD3501CC660BBC4032ABB3 /* [CP] Check Pods Manifest.lock */,
				36730CEA2296961E00C70C2B /* Sources */,
				36730CEB2296961E00C70C2B /* Frameworks */,
				36730CEC2296961E00C70C2B /* Resources */,
				EE6837D258B5B30CA16B0CBF /* [CP] Embed Pods Frameworks */,
			);
			buildRules = (
			);
			dependencies = (
			);
			name = RecipeApp;
			productName = RecipeApp;
			productReference = 36730CEE2296961E00C70C2B /* RecipeApp.app */;
			productType = "com.apple.product-type.application";
		};
		36730D012296962100C70C2B /* RecipeAppTests */ = {
			isa = PBXNativeTarget;
			buildConfigurationList = 36730D192296962100C70C2B /* Build configuration list for PBXNativeTarget "RecipeAppTests" */;
			buildPhases = (
				8BBDA1A4B5CECABD9FC0A52E /* [CP] Check Pods Manifest.lock */,
				36730CFE2296962100C70C2B /* Sources */,
				36730CFF2296962100C70C2B /* Frameworks */,
				36730D002296962100C70C2B /* Resources */,
				F922407993902699BF98F0B8 /* [CP] Embed Pods Frameworks */,
			);
			buildRules = (
			);
			dependencies = (
				36730D042296962100C70C2B /* PBXTargetDependency */,
			);
			name = RecipeAppTests;
			productName = RecipeAppTests;
			productReference = 36730D022296962100C70C2B /* RecipeAppTests.xctest */;
			productType = "com.apple.product-type.bundle.unit-test";
		};
		36730D0C2296962100C70C2B /* RecipeAppUITests */ = {
			isa = PBXNativeTarget;
			buildConfigurationList = 36730D1C2296962100C70C2B /* Build configuration list for PBXNativeTarget "RecipeAppUITests" */;
			buildPhases = (
				261FE4421E04C50C3C4FC7BA /* [CP] Check Pods Manifest.lock */,
				36730D092296962100C70C2B /* Sources */,
				36730D0A2296962100C70C2B /* Frameworks */,
				36730D0B2296962100C70C2B /* Resources */,
			);
			buildRules = (
			);
			dependencies = (
				36730D0F2296962100C70C2B /* PBXTargetDependency */,
			);
			name = RecipeAppUITests;
			productName = RecipeAppUITests;
			productReference = 36730D0D2296962100C70C2B /* RecipeAppUITests.xctest */;
			productType = "com.apple.product-type.bundle.ui-testing";
		};
/* End PBXNativeTarget section */

/* Begin PBXProject section */
		36730CE62296961E00C70C2B /* Project object */ = {
			isa = PBXProject;
			attributes = {
				LastSwiftUpdateCheck = 1020;
				LastUpgradeCheck = 1020;
				ORGANIZATIONNAME = "Sophie Clark";
				TargetAttributes = {
					36730CED2296961E00C70C2B = {
						CreatedOnToolsVersion = 10.2.1;
					};
					36730D012296962100C70C2B = {
						CreatedOnToolsVersion = 10.2.1;
						TestTargetID = 36730CED2296961E00C70C2B;
					};
					36730D0C2296962100C70C2B = {
						CreatedOnToolsVersion = 10.2.1;
						TestTargetID = 36730CED2296961E00C70C2B;
					};
				};
			};
			buildConfigurationList = 36730CE92296961E00C70C2B /* Build configuration list for PBXProject "RecipeApp" */;
			compatibilityVersion = "Xcode 9.3";
			developmentRegion = en;
			hasScannedForEncodings = 0;
			knownRegions = (
				en,
				Base,
			);
			mainGroup = 36730CE52296961E00C70C2B;
			productRefGroup = 36730CEF2296961E00C70C2B /* Products */;
			projectDirPath = "";
			projectRoot = "";
			targets = (
				36730CED2296961E00C70C2B /* RecipeApp */,
				36730D012296962100C70C2B /* RecipeAppTests */,
				36730D0C2296962100C70C2B /* RecipeAppUITests */,
			);
		};
/* End PBXProject section */

/* Begin PBXResourcesBuildPhase section */
		36730CEC2296961E00C70C2B /* Resources */ = {
			isa = PBXResourcesBuildPhase;
			buildActionMask = 2147483647;
			files = (
				36730CFC2296962100C70C2B /* LaunchScreen.storyboard in Resources */,
				36730CF92296962100C70C2B /* Assets.xcassets in Resources */,
				36730CF72296961F00C70C2B /* Main.storyboard in Resources */,
			);
			runOnlyForDeploymentPostprocessing = 0;
		};
		36730D002296962100C70C2B /* Resources */ = {
			isa = PBXResourcesBuildPhase;
			buildActionMask = 2147483647;
			files = (
			);
			runOnlyForDeploymentPostprocessing = 0;
		};
		36730D0B2296962100C70C2B /* Resources */ = {
			isa = PBXResourcesBuildPhase;
			buildActionMask = 2147483647;
			files = (
			);
			runOnlyForDeploymentPostprocessing = 0;
		};
/* End PBXResourcesBuildPhase section */

/* Begin PBXShellScriptBuildPhase section */
		261FE4421E04C50C3C4FC7BA /* [CP] Check Pods Manifest.lock */ = {
			isa = PBXShellScriptBuildPhase;
			buildActionMask = 2147483647;
			files = (
			);
			inputPaths = (
				"${PODS_PODFILE_DIR_PATH}/Podfile.lock",
				"${PODS_ROOT}/Manifest.lock",
			);
			name = "[CP] Check Pods Manifest.lock";
			outputPaths = (
				"$(DERIVED_FILE_DIR)/Pods-RecipeAppUITests-checkManifestLockResult.txt",
			);
			runOnlyForDeploymentPostprocessing = 0;
			shellPath = /bin/sh;
			shellScript = "diff \"${PODS_PODFILE_DIR_PATH}/Podfile.lock\" \"${PODS_ROOT}/Manifest.lock\" > /dev/null\nif [ $? != 0 ] ; then\n    # print error to STDERR\n    echo \"error: The sandbox is not in sync with the Podfile.lock. Run 'pod install' or update your CocoaPods installation.\" >&2\n    exit 1\nfi\n# This output is used by Xcode 'outputs' to avoid re-running this script phase.\necho \"SUCCESS\" > \"${SCRIPT_OUTPUT_FILE_0}\"\n";
			showEnvVarsInLog = 0;
		};
		8BBDA1A4B5CECABD9FC0A52E /* [CP] Check Pods Manifest.lock */ = {
			isa = PBXShellScriptBuildPhase;
			buildActionMask = 2147483647;
			files = (
			);
			inputPaths = (
				"${PODS_PODFILE_DIR_PATH}/Podfile.lock",
				"${PODS_ROOT}/Manifest.lock",
			);
			name = "[CP] Check Pods Manifest.lock";
			outputPaths = (
				"$(DERIVED_FILE_DIR)/Pods-RecipeAppTests-checkManifestLockResult.txt",
			);
			runOnlyForDeploymentPostprocessing = 0;
			shellPath = /bin/sh;
			shellScript = "diff \"${PODS_PODFILE_DIR_PATH}/Podfile.lock\" \"${PODS_ROOT}/Manifest.lock\" > /dev/null\nif [ $? != 0 ] ; then\n    # print error to STDERR\n    echo \"error: The sandbox is not in sync with the Podfile.lock. Run 'pod install' or update your CocoaPods installation.\" >&2\n    exit 1\nfi\n# This output is used by Xcode 'outputs' to avoid re-running this script phase.\necho \"SUCCESS\" > \"${SCRIPT_OUTPUT_FILE_0}\"\n";
			showEnvVarsInLog = 0;
		};
		E1CD3501CC660BBC4032ABB3 /* [CP] Check Pods Manifest.lock */ = {
			isa = PBXShellScriptBuildPhase;
			buildActionMask = 2147483647;
			files = (
			);
			inputPaths = (
				"${PODS_PODFILE_DIR_PATH}/Podfile.lock",
				"${PODS_ROOT}/Manifest.lock",
			);
			name = "[CP] Check Pods Manifest.lock";
			outputPaths = (
				"$(DERIVED_FILE_DIR)/Pods-RecipeApp-checkManifestLockResult.txt",
			);
			runOnlyForDeploymentPostprocessing = 0;
			shellPath = /bin/sh;
			shellScript = "diff \"${PODS_PODFILE_DIR_PATH}/Podfile.lock\" \"${PODS_ROOT}/Manifest.lock\" > /dev/null\nif [ $? != 0 ] ; then\n    # print error to STDERR\n    echo \"error: The sandbox is not in sync with the Podfile.lock. Run 'pod install' or update your CocoaPods installation.\" >&2\n    exit 1\nfi\n# This output is used by Xcode 'outputs' to avoid re-running this script phase.\necho \"SUCCESS\" > \"${SCRIPT_OUTPUT_FILE_0}\"\n";
			showEnvVarsInLog = 0;
		};
		EE6837D258B5B30CA16B0CBF /* [CP] Embed Pods Frameworks */ = {
			isa = PBXShellScriptBuildPhase;
			buildActionMask = 2147483647;
			files = (
			);
			inputPaths = (
				"${SRCROOT}/Pods/Target Support Files/Pods-RecipeApp/Pods-RecipeApp-frameworks.sh",
				"${BUILT_PRODUCTS_DIR}/Realm/Realm.framework",
				"${BUILT_PRODUCTS_DIR}/RealmSwift/RealmSwift.framework",
				"${BUILT_PRODUCTS_DIR}/RxCocoa/RxCocoa.framework",
				"${BUILT_PRODUCTS_DIR}/RxRelay/RxRelay.framework",
				"${BUILT_PRODUCTS_DIR}/RxSwift/RxSwift.framework",
			);
			name = "[CP] Embed Pods Frameworks";
			outputPaths = (
				"${TARGET_BUILD_DIR}/${FRAMEWORKS_FOLDER_PATH}/Realm.framework",
				"${TARGET_BUILD_DIR}/${FRAMEWORKS_FOLDER_PATH}/RealmSwift.framework",
				"${TARGET_BUILD_DIR}/${FRAMEWORKS_FOLDER_PATH}/RxCocoa.framework",
				"${TARGET_BUILD_DIR}/${FRAMEWORKS_FOLDER_PATH}/RxRelay.framework",
				"${TARGET_BUILD_DIR}/${FRAMEWORKS_FOLDER_PATH}/RxSwift.framework",
			);
			runOnlyForDeploymentPostprocessing = 0;
			shellPath = /bin/sh;
			shellScript = "\"${SRCROOT}/Pods/Target Support Files/Pods-RecipeApp/Pods-RecipeApp-frameworks.sh\"\n";
			showEnvVarsInLog = 0;
		};
		F922407993902699BF98F0B8 /* [CP] Embed Pods Frameworks */ = {
			isa = PBXShellScriptBuildPhase;
			buildActionMask = 2147483647;
			files = (
			);
			inputPaths = (
				"${SRCROOT}/Pods/Target Support Files/Pods-RecipeAppTests/Pods-RecipeAppTests-frameworks.sh",
				"${BUILT_PRODUCTS_DIR}/RxSwift/RxSwift.framework",
				"${BUILT_PRODUCTS_DIR}/RxBlocking/RxBlocking.framework",
				"${BUILT_PRODUCTS_DIR}/RxTest/RxTest.framework",
			);
			name = "[CP] Embed Pods Frameworks";
			outputPaths = (
				"${TARGET_BUILD_DIR}/${FRAMEWORKS_FOLDER_PATH}/RxSwift.framework",
				"${TARGET_BUILD_DIR}/${FRAMEWORKS_FOLDER_PATH}/RxBlocking.framework",
				"${TARGET_BUILD_DIR}/${FRAMEWORKS_FOLDER_PATH}/RxTest.framework",
			);
			runOnlyForDeploymentPostprocessing = 0;
			shellPath = /bin/sh;
			shellScript = "\"${SRCROOT}/Pods/Target Support Files/Pods-RecipeAppTests/Pods-RecipeAppTests-frameworks.sh\"\n";
			showEnvVarsInLog = 0;
		};
/* End PBXShellScriptBuildPhase section */

/* Begin PBXSourcesBuildPhase section */
		36730CEA2296961E00C70C2B /* Sources */ = {
			isa = PBXSourcesBuildPhase;
			buildActionMask = 2147483647;
			files = (
				367A481E2297FCCD002ECE30 /* IngredientsService.swift in Sources */,
				36730CF42296961E00C70C2B /* LoginViewController.swift in Sources */,
				367A481C2297FC84002ECE30 /* StepsService.swift in Sources */,
				367A48222298044C002ECE30 /* UserAuthenticationRepository.swift in Sources */,
				367A48102297DFE8002ECE30 /* RecipeFeedTableViewController.swift in Sources */,
				367A48202297FEFF002ECE30 /* RecipeFeedViewModel.swift in Sources */,
				36730CF22296961E00C70C2B /* AppDelegate.swift in Sources */,
				367A48132297E0E6002ECE30 /* RecipeFeedImageTableViewCell.swift in Sources */,
				36730F7C2296A6D600C70C2B /* LoginViewModel.swift in Sources */,
				36730F802296AB5C00C70C2B /* User.swift in Sources */,
				36730F822296AB9100C70C2B /* HttpClient.swift in Sources */,
				367A482422984A66002ECE30 /* TableViewController.swift in Sources */,
				367A48182297F3F2002ECE30 /* RecipeService.swift in Sources */,
				367A48152297E0FA002ECE30 /* RecipeFeedTextTableViewCell.swift in Sources */,
				36730F7E2296A6FA00C70C2B /* LoginService.swift in Sources */,
				367A481A2297F483002ECE30 /* Recipe.swift in Sources */,
			);
			runOnlyForDeploymentPostprocessing = 0;
		};
		36730CFE2296962100C70C2B /* Sources */ = {
			isa = PBXSourcesBuildPhase;
			buildActionMask = 2147483647;
			files = (
				36730D072296962100C70C2B /* RecipeAppTests.swift in Sources */,
			);
			runOnlyForDeploymentPostprocessing = 0;
		};
		36730D092296962100C70C2B /* Sources */ = {
			isa = PBXSourcesBuildPhase;
			buildActionMask = 2147483647;
			files = (
				36730D122296962100C70C2B /* RecipeAppUITests.swift in Sources */,
			);
			runOnlyForDeploymentPostprocessing = 0;
		};
/* End PBXSourcesBuildPhase section */

/* Begin PBXTargetDependency section */
		36730D042296962100C70C2B /* PBXTargetDependency */ = {
			isa = PBXTargetDependency;
			target = 36730CED2296961E00C70C2B /* RecipeApp */;
			targetProxy = 36730D032296962100C70C2B /* PBXContainerItemProxy */;
		};
		36730D0F2296962100C70C2B /* PBXTargetDependency */ = {
			isa = PBXTargetDependency;
			target = 36730CED2296961E00C70C2B /* RecipeApp */;
			targetProxy = 36730D0E2296962100C70C2B /* PBXContainerItemProxy */;
		};
/* End PBXTargetDependency section */

/* Begin PBXVariantGroup section */
		36730CF52296961F00C70C2B /* Main.storyboard */ = {
			isa = PBXVariantGroup;
			children = (
				36730CF62296961F00C70C2B /* Base */,
			);
			name = Main.storyboard;
			sourceTree = "<group>";
		};
		36730CFA2296962100C70C2B /* LaunchScreen.storyboard */ = {
			isa = PBXVariantGroup;
			children = (
				36730CFB2296962100C70C2B /* Base */,
			);
			name = LaunchScreen.storyboard;
			sourceTree = "<group>";
		};
/* End PBXVariantGroup section */

/* Begin XCBuildConfiguration section */
		36730D142296962100C70C2B /* Debug */ = {
			isa = XCBuildConfiguration;
			buildSettings = {
				ALWAYS_SEARCH_USER_PATHS = NO;
				CLANG_ANALYZER_NONNULL = YES;
				CLANG_ANALYZER_NUMBER_OBJECT_CONVERSION = YES_AGGRESSIVE;
				CLANG_CXX_LANGUAGE_STANDARD = "gnu++14";
				CLANG_CXX_LIBRARY = "libc++";
				CLANG_ENABLE_MODULES = YES;
				CLANG_ENABLE_OBJC_ARC = YES;
				CLANG_ENABLE_OBJC_WEAK = YES;
				CLANG_WARN_BLOCK_CAPTURE_AUTORELEASING = YES;
				CLANG_WARN_BOOL_CONVERSION = YES;
				CLANG_WARN_COMMA = YES;
				CLANG_WARN_CONSTANT_CONVERSION = YES;
				CLANG_WARN_DEPRECATED_OBJC_IMPLEMENTATIONS = YES;
				CLANG_WARN_DIRECT_OBJC_ISA_USAGE = YES_ERROR;
				CLANG_WARN_DOCUMENTATION_COMMENTS = YES;
				CLANG_WARN_EMPTY_BODY = YES;
				CLANG_WARN_ENUM_CONVERSION = YES;
				CLANG_WARN_INFINITE_RECURSION = YES;
				CLANG_WARN_INT_CONVERSION = YES;
				CLANG_WARN_NON_LITERAL_NULL_CONVERSION = YES;
				CLANG_WARN_OBJC_IMPLICIT_RETAIN_SELF = YES;
				CLANG_WARN_OBJC_LITERAL_CONVERSION = YES;
				CLANG_WARN_OBJC_ROOT_CLASS = YES_ERROR;
				CLANG_WARN_RANGE_LOOP_ANALYSIS = YES;
				CLANG_WARN_STRICT_PROTOTYPES = YES;
				CLANG_WARN_SUSPICIOUS_MOVE = YES;
				CLANG_WARN_UNGUARDED_AVAILABILITY = YES_AGGRESSIVE;
				CLANG_WARN_UNREACHABLE_CODE = YES;
				CLANG_WARN__DUPLICATE_METHOD_MATCH = YES;
				CODE_SIGN_IDENTITY = "iPhone Developer";
				COPY_PHASE_STRIP = NO;
				DEBUG_INFORMATION_FORMAT = dwarf;
				ENABLE_STRICT_OBJC_MSGSEND = YES;
				ENABLE_TESTABILITY = YES;
				GCC_C_LANGUAGE_STANDARD = gnu11;
				GCC_DYNAMIC_NO_PIC = NO;
				GCC_NO_COMMON_BLOCKS = YES;
				GCC_OPTIMIZATION_LEVEL = 0;
				GCC_PREPROCESSOR_DEFINITIONS = (
					"DEBUG=1",
					"$(inherited)",
				);
				GCC_WARN_64_TO_32_BIT_CONVERSION = YES;
				GCC_WARN_ABOUT_RETURN_TYPE = YES_ERROR;
				GCC_WARN_UNDECLARED_SELECTOR = YES;
				GCC_WARN_UNINITIALIZED_AUTOS = YES_AGGRESSIVE;
				GCC_WARN_UNUSED_FUNCTION = YES;
				GCC_WARN_UNUSED_VARIABLE = YES;
				IPHONEOS_DEPLOYMENT_TARGET = 12.2;
				MTL_ENABLE_DEBUG_INFO = INCLUDE_SOURCE;
				MTL_FAST_MATH = YES;
				ONLY_ACTIVE_ARCH = YES;
				SDKROOT = iphoneos;
				SWIFT_ACTIVE_COMPILATION_CONDITIONS = DEBUG;
				SWIFT_OPTIMIZATION_LEVEL = "-Onone";
			};
			name = Debug;
		};
		36730D152296962100C70C2B /* Release */ = {
			isa = XCBuildConfiguration;
			buildSettings = {
				ALWAYS_SEARCH_USER_PATHS = NO;
				CLANG_ANALYZER_NONNULL = YES;
				CLANG_ANALYZER_NUMBER_OBJECT_CONVERSION = YES_AGGRESSIVE;
				CLANG_CXX_LANGUAGE_STANDARD = "gnu++14";
				CLANG_CXX_LIBRARY = "libc++";
				CLANG_ENABLE_MODULES = YES;
				CLANG_ENABLE_OBJC_ARC = YES;
				CLANG_ENABLE_OBJC_WEAK = YES;
				CLANG_WARN_BLOCK_CAPTURE_AUTORELEASING = YES;
				CLANG_WARN_BOOL_CONVERSION = YES;
				CLANG_WARN_COMMA = YES;
				CLANG_WARN_CONSTANT_CONVERSION = YES;
				CLANG_WARN_DEPRECATED_OBJC_IMPLEMENTATIONS = YES;
				CLANG_WARN_DIRECT_OBJC_ISA_USAGE = YES_ERROR;
				CLANG_WARN_DOCUMENTATION_COMMENTS = YES;
				CLANG_WARN_EMPTY_BODY = YES;
				CLANG_WARN_ENUM_CONVERSION = YES;
				CLANG_WARN_INFINITE_RECURSION = YES;
				CLANG_WARN_INT_CONVERSION = YES;
				CLANG_WARN_NON_LITERAL_NULL_CONVERSION = YES;
				CLANG_WARN_OBJC_IMPLICIT_RETAIN_SELF = YES;
				CLANG_WARN_OBJC_LITERAL_CONVERSION = YES;
				CLANG_WARN_OBJC_ROOT_CLASS = YES_ERROR;
				CLANG_WARN_RANGE_LOOP_ANALYSIS = YES;
				CLANG_WARN_STRICT_PROTOTYPES = YES;
				CLANG_WARN_SUSPICIOUS_MOVE = YES;
				CLANG_WARN_UNGUARDED_AVAILABILITY = YES_AGGRESSIVE;
				CLANG_WARN_UNREACHABLE_CODE = YES;
				CLANG_WARN__DUPLICATE_METHOD_MATCH = YES;
				CODE_SIGN_IDENTITY = "iPhone Developer";
				COPY_PHASE_STRIP = NO;
				DEBUG_INFORMATION_FORMAT = "dwarf-with-dsym";
				ENABLE_NS_ASSERTIONS = NO;
				ENABLE_STRICT_OBJC_MSGSEND = YES;
				GCC_C_LANGUAGE_STANDARD = gnu11;
				GCC_NO_COMMON_BLOCKS = YES;
				GCC_WARN_64_TO_32_BIT_CONVERSION = YES;
				GCC_WARN_ABOUT_RETURN_TYPE = YES_ERROR;
				GCC_WARN_UNDECLARED_SELECTOR = YES;
				GCC_WARN_UNINITIALIZED_AUTOS = YES_AGGRESSIVE;
				GCC_WARN_UNUSED_FUNCTION = YES;
				GCC_WARN_UNUSED_VARIABLE = YES;
				IPHONEOS_DEPLOYMENT_TARGET = 12.2;
				MTL_ENABLE_DEBUG_INFO = NO;
				MTL_FAST_MATH = YES;
				SDKROOT = iphoneos;
				SWIFT_COMPILATION_MODE = wholemodule;
				SWIFT_OPTIMIZATION_LEVEL = "-O";
				VALIDATE_PRODUCT = YES;
			};
			name = Release;
		};
		36730D172296962100C70C2B /* Debug */ = {
			isa = XCBuildConfiguration;
			baseConfigurationReference = A0681D9D2FC7A5540D4FF745 /* Pods-RecipeApp.debug.xcconfig */;
			buildSettings = {
				ASSETCATALOG_COMPILER_APPICON_NAME = AppIcon;
				CODE_SIGN_STYLE = Automatic;
				DEVELOPMENT_TEAM = 5F964N26SK;
				INFOPLIST_FILE = RecipeApp/Info.plist;
				LD_RUNPATH_SEARCH_PATHS = (
					"$(inherited)",
					"@executable_path/Frameworks",
				);
				PRODUCT_BUNDLE_IDENTIFIER = sophieclark.RecipeApp;
				PRODUCT_NAME = "$(TARGET_NAME)";
				SWIFT_VERSION = 5.0;
				TARGETED_DEVICE_FAMILY = "1,2";
			};
			name = Debug;
		};
		36730D182296962100C70C2B /* Release */ = {
			isa = XCBuildConfiguration;
			baseConfigurationReference = EDFDD6291D3D560DFFE794DB /* Pods-RecipeApp.release.xcconfig */;
			buildSettings = {
				ASSETCATALOG_COMPILER_APPICON_NAME = AppIcon;
				CODE_SIGN_STYLE = Automatic;
				DEVELOPMENT_TEAM = 5F964N26SK;
				INFOPLIST_FILE = RecipeApp/Info.plist;
				LD_RUNPATH_SEARCH_PATHS = (
					"$(inherited)",
					"@executable_path/Frameworks",
				);
				PRODUCT_BUNDLE_IDENTIFIER = sophieclark.RecipeApp;
				PRODUCT_NAME = "$(TARGET_NAME)";
				SWIFT_VERSION = 5.0;
				TARGETED_DEVICE_FAMILY = "1,2";
			};
			name = Release;
		};
		36730D1A2296962100C70C2B /* Debug */ = {
			isa = XCBuildConfiguration;
			baseConfigurationReference = 394DE8E89974C3EB35D3B6AE /* Pods-RecipeAppTests.debug.xcconfig */;
			buildSettings = {
				ALWAYS_EMBED_SWIFT_STANDARD_LIBRARIES = YES;
				BUNDLE_LOADER = "$(TEST_HOST)";
				CODE_SIGN_STYLE = Automatic;
				DEVELOPMENT_TEAM = 5F964N26SK;
				INFOPLIST_FILE = RecipeAppTests/Info.plist;
				LD_RUNPATH_SEARCH_PATHS = (
					"$(inherited)",
					"@executable_path/Frameworks",
					"@loader_path/Frameworks",
				);
				PRODUCT_BUNDLE_IDENTIFIER = sophieclark.RecipeAppTests;
				PRODUCT_NAME = "$(TARGET_NAME)";
				SWIFT_VERSION = 5.0;
				TARGETED_DEVICE_FAMILY = "1,2";
				TEST_HOST = "$(BUILT_PRODUCTS_DIR)/RecipeApp.app/RecipeApp";
			};
			name = Debug;
		};
		36730D1B2296962100C70C2B /* Release */ = {
			isa = XCBuildConfiguration;
			baseConfigurationReference = 2D1DB4F364ADAFEEF29DD3A3 /* Pods-RecipeAppTests.release.xcconfig */;
			buildSettings = {
				ALWAYS_EMBED_SWIFT_STANDARD_LIBRARIES = YES;
				BUNDLE_LOADER = "$(TEST_HOST)";
				CODE_SIGN_STYLE = Automatic;
				DEVELOPMENT_TEAM = 5F964N26SK;
				INFOPLIST_FILE = RecipeAppTests/Info.plist;
				LD_RUNPATH_SEARCH_PATHS = (
					"$(inherited)",
					"@executable_path/Frameworks",
					"@loader_path/Frameworks",
				);
				PRODUCT_BUNDLE_IDENTIFIER = sophieclark.RecipeAppTests;
				PRODUCT_NAME = "$(TARGET_NAME)";
				SWIFT_VERSION = 5.0;
				TARGETED_DEVICE_FAMILY = "1,2";
				TEST_HOST = "$(BUILT_PRODUCTS_DIR)/RecipeApp.app/RecipeApp";
			};
			name = Release;
		};
		36730D1D2296962100C70C2B /* Debug */ = {
			isa = XCBuildConfiguration;
			baseConfigurationReference = 16D2A4A35B28217BC8628E9E /* Pods-RecipeAppUITests.debug.xcconfig */;
			buildSettings = {
				ALWAYS_EMBED_SWIFT_STANDARD_LIBRARIES = YES;
				CODE_SIGN_STYLE = Automatic;
				DEVELOPMENT_TEAM = 5F964N26SK;
				INFOPLIST_FILE = RecipeAppUITests/Info.plist;
				LD_RUNPATH_SEARCH_PATHS = (
					"$(inherited)",
					"@executable_path/Frameworks",
					"@loader_path/Frameworks",
				);
				PRODUCT_BUNDLE_IDENTIFIER = sophieclark.RecipeAppUITests;
				PRODUCT_NAME = "$(TARGET_NAME)";
				SWIFT_VERSION = 5.0;
				TARGETED_DEVICE_FAMILY = "1,2";
				TEST_TARGET_NAME = RecipeApp;
			};
			name = Debug;
		};
		36730D1E2296962100C70C2B /* Release */ = {
			isa = XCBuildConfiguration;
			baseConfigurationReference = 5B1315798105B96ECF108286 /* Pods-RecipeAppUITests.release.xcconfig */;
			buildSettings = {
				ALWAYS_EMBED_SWIFT_STANDARD_LIBRARIES = YES;
				CODE_SIGN_STYLE = Automatic;
				DEVELOPMENT_TEAM = 5F964N26SK;
				INFOPLIST_FILE = RecipeAppUITests/Info.plist;
				LD_RUNPATH_SEARCH_PATHS = (
					"$(inherited)",
					"@executable_path/Frameworks",
					"@loader_path/Frameworks",
				);
				PRODUCT_BUNDLE_IDENTIFIER = sophieclark.RecipeAppUITests;
				PRODUCT_NAME = "$(TARGET_NAME)";
				SWIFT_VERSION = 5.0;
				TARGETED_DEVICE_FAMILY = "1,2";
				TEST_TARGET_NAME = RecipeApp;
			};
			name = Release;
		};
/* End XCBuildConfiguration section */

/* Begin XCConfigurationList section */
		36730CE92296961E00C70C2B /* Build configuration list for PBXProject "RecipeApp" */ = {
			isa = XCConfigurationList;
			buildConfigurations = (
				36730D142296962100C70C2B /* Debug */,
				36730D152296962100C70C2B /* Release */,
			);
			defaultConfigurationIsVisible = 0;
			defaultConfigurationName = Release;
		};
		36730D162296962100C70C2B /* Build configuration list for PBXNativeTarget "RecipeApp" */ = {
			isa = XCConfigurationList;
			buildConfigurations = (
				36730D172296962100C70C2B /* Debug */,
				36730D182296962100C70C2B /* Release */,
			);
			defaultConfigurationIsVisible = 0;
			defaultConfigurationName = Release;
		};
		36730D192296962100C70C2B /* Build configuration list for PBXNativeTarget "RecipeAppTests" */ = {
			isa = XCConfigurationList;
			buildConfigurations = (
				36730D1A2296962100C70C2B /* Debug */,
				36730D1B2296962100C70C2B /* Release */,
			);
			defaultConfigurationIsVisible = 0;
			defaultConfigurationName = Release;
		};
		36730D1C2296962100C70C2B /* Build configuration list for PBXNativeTarget "RecipeAppUITests" */ = {
			isa = XCConfigurationList;
			buildConfigurations = (
				36730D1D2296962100C70C2B /* Debug */,
				36730D1E2296962100C70C2B /* Release */,
			);
			defaultConfigurationIsVisible = 0;
			defaultConfigurationName = Release;
		};
/* End XCConfigurationList section */
	};
	rootObject = 36730CE62296961E00C70C2B /* Project object */;
}
